
Microsoft Visual Studio Solution File, Format Version 12.00
# Visual Studio 14
VisualStudioVersion = 14.0.23107.0
MinimumVisualStudioVersion = 10.0.40219.1
Project("{FAE04EC0-301F-11D3-BF4B-00C04F79EFBC}") = "DomainNameGenerator", "DomainNameGenerator\DomainNameGenerator.csproj", "{0B21FAF5-D62A-4F2A-88EB-BE2B61D22026}"
EndProject
Project("{FAE04EC0-301F-11D3-BF4B-00C04F79EFBC}") = "DomainNameGeneratorTests", "DomainNameGeneratorTests\DomainNameGeneratorTests.csproj", "{D43539B5-886E-4422-B93B-EE61132C3943}"
EndProject
Global
	GlobalSection(SolutionConfigurationPlatforms) = preSolution
		Debug|Any CPU = Debug|Any CPU
		Release|Any CPU = Release|Any CPU
	EndGlobalSection
	GlobalSection(ProjectConfigurationPlatforms) = postSolution
		{0B21FAF5-D62A-4F2A-88EB-BE2B61D22026}.Debug|Any CPU.ActiveCfg = Debug|Any CPU
		{0B21FAF5-D62A-4F2A-88EB-BE2B61D22026}.Debug|Any CPU.Build.0 = Debug|Any CPU
		{0B21FAF5-D62A-4F2A-88EB-BE2B61D22026}.Release|Any CPU.ActiveCfg = Release|Any CPU
		{0B21FAF5-D62A-4F2A-88EB-BE2B61D22026}.Release|Any CPU.Build.0 = Release|Any CPU
		{D43539B5-886E-4422-B93B-EE61132C3943}.Debug|Any CPU.ActiveCfg = Debug|Any CPU
		{D43539B5-886E-4422-B93B-EE61132C3943}.Debug|Any CPU.Build.0 = Debug|Any CPU
		{D43539B5-886E-4422-B93B-EE61132C3943}.Release|Any CPU.ActiveCfg = Release|Any CPU
		{D43539B5-886E-4422-B93B-EE61132C3943}.Release|Any CPU.Build.0 = Release|Any CPU
	EndGlobalSection
	GlobalSection(SolutionProperties) = preSolution
		HideSolutionNode = FALSE
	EndGlobalSection
EndGlobal
